
Microsoft Visual Studio Solution File, Format Version 12.00
# Visual Studio 15
Project("{FAE04EC0-301F-11D3-BF4B-00C04F79EFBC}") = "UnityEngine.TestRunner", "UnityEngine.TestRunner.csproj", "{0E43FB1C-0EA1-2AB2-C36E-81FD73444006}"
EndProject
Project("{FAE04EC0-301F-11D3-BF4B-00C04F79EFBC}") = "UnityEngine.XR.LegacyInputHelpers", "UnityEngine.XR.LegacyInputHelpers.csproj", "{5950CAB7-39BD-E259-E635-D79F2F8B7C18}"
EndProject
Project("{FAE04EC0-301F-11D3-BF4B-00C04F79EFBC}") = "Unity.XR.ARFoundation", "Unity.XR.ARFoundation.csproj", "{F0194AC3-F28D-A7FF-BD94-48119D3965C4}"
EndProject
Project("{FAE04EC0-301F-11D3-BF4B-00C04F79EFBC}") = "Unity.XR.ARKit", "Unity.XR.ARKit.csproj", "{D5B9A82A-285C-AE2C-7A16-2FE60D2492D9}"
EndProject
Project("{FAE04EC0-301F-11D3-BF4B-00C04F79EFBC}") = "Unity.XR.ARSubsystems", "Unity.XR.ARSubsystems.csproj", "{7ACF9E91-C82D-538F-3AC3-7258796C15B9}"
EndProject
Project("{FAE04EC0-301F-11D3-BF4B-00C04F79EFBC}") = "Unity.Timeline", "Unity.Timeline.csproj", "{8F6F14F2-B35E-CE4D-4820-B75401217870}"
EndProject
Project("{FAE04EC0-301F-11D3-BF4B-00C04F79EFBC}") = "Unity.XR.ARCore", "Unity.XR.ARCore.csproj", "{3156FF60-99B5-C82D-9149-B813F8FD1589}"
EndProject
Project("{FAE04EC0-301F-11D3-BF4B-00C04F79EFBC}") = "UnityEngine.UI", "UnityEngine.UI.csproj", "{F43332EC-8293-9FEC-5446-00B66312A93D}"
EndProject
Project("{FAE04EC0-301F-11D3-BF4B-00C04F79EFBC}") = "Assembly-CSharp", "Assembly-CSharp.csproj", "{C9DD0913-8C5E-8022-D26B-19159E3E69A2}"
EndProject
Project("{FAE04EC0-301F-11D3-BF4B-00C04F79EFBC}") = "Unity.TextMeshPro", "Unity.TextMeshPro.csproj", "{902F3B3F-F31F-58ED-7919-0B1CBDF4363D}"
EndProject
Project("{FAE04EC0-301F-11D3-BF4B-00C04F79EFBC}") = "Unity.XR.Management", "Unity.XR.Management.csproj", "{CE3AE8D3-344E-6DAF-1185-CB524DCA0630}"
EndProject
Project("{FAE04EC0-301F-11D3-BF4B-00C04F79EFBC}") = "Unity.Subsystem.Registration", "Unity.Subsystem.Registration.csproj", "{7B1551B6-7EB8-61E5-6D6E-2F8EB1169271}"
EndProject
Project("{FAE04EC0-301F-11D3-BF4B-00C04F79EFBC}") = "UnityEngine.SpatialTracking", "UnityEngine.SpatialTracking.csproj", "{46A893A4-1362-92F8-040B-D495DFC63C41}"
EndProject
Project("{FAE04EC0-301F-11D3-BF4B-00C04F79EFBC}") = "Unity.XR.Management.Editor", "Unity.XR.Management.Editor.csproj", "{271C610C-ECA3-1F7A-8F70-CB2AE275BE43}"
EndProject
Project("{FAE04EC0-301F-11D3-BF4B-00C04F79EFBC}") = "UnityEditor.TestRunner", "UnityEditor.TestRunner.csproj", "{77EEEE09-E2FF-361F-853D-93CD13C1639B}"
EndProject
Project("{FAE04EC0-301F-11D3-BF4B-00C04F79EFBC}") = "UnityEditor.UI", "UnityEditor.UI.csproj", "{49C15377-7540-8C1F-3B6C-59C66CF0FDD0}"
EndProject
Project("{FAE04EC0-301F-11D3-BF4B-00C04F79EFBC}") = "Unity.Timeline.Editor", "Unity.Timeline.Editor.csproj", "{33BAA659-328A-9A8D-D617-07BF4E639157}"
EndProject
Project("{FAE04EC0-301F-11D3-BF4B-00C04F79EFBC}") = "Unity.VisualStudio.Editor", "Unity.VisualStudio.Editor.csproj", "{6E388BFE-C84E-29F8-EC32-194D61FA0FAB}"
EndProject
Project("{FAE04EC0-301F-11D3-BF4B-00C04F79EFBC}") = "Unity.XR.ARFoundation.Editor", "Unity.XR.ARFoundation.Editor.csproj", "{055886E5-D0CC-94AE-2897-85FE61215A63}"
EndProject
Project("{FAE04EC0-301F-11D3-BF4B-00C04F79EFBC}") = "Unity.TextMeshPro.Editor", "Unity.TextMeshPro.Editor.csproj", "{A66D6E71-62F9-9DF7-293D-2595EBD70A28}"
EndProject
Project("{FAE04EC0-301F-11D3-BF4B-00C04F79EFBC}") = "Unity.CollabProxy.Editor", "Unity.CollabProxy.Editor.csproj", "{CCAC308A-B410-8468-0FB3-DC4A29709218}"
EndProject
Project("{FAE04EC0-301F-11D3-BF4B-00C04F79EFBC}") = "Unity.Rider.Editor", "Unity.Rider.Editor.csproj", "{C3B9114A-7FB6-4D6B-C5BC-27D857304FFC}"
EndProject
Project("{FAE04EC0-301F-11D3-BF4B-00C04F79EFBC}") = "Unity.XR.ARKit.Editor", "Unity.XR.ARKit.Editor.csproj", "{2524568C-BB12-10C0-9916-8FE6F589943E}"
EndProject
Project("{FAE04EC0-301F-11D3-BF4B-00C04F79EFBC}") = "UnityEditor.XR.LegacyInputHelpers", "UnityEditor.XR.LegacyInputHelpers.csproj", "{49DA21FB-EF2B-A510-FF63-AFD8957E321B}"
EndProject
Project("{FAE04EC0-301F-11D3-BF4B-00C04F79EFBC}") = "Unity.VSCode.Editor", "Unity.VSCode.Editor.csproj", "{D7B6A874-04CE-81AA-020E-13209CB02371}"
EndProject
Project("{FAE04EC0-301F-11D3-BF4B-00C04F79EFBC}") = "Unity.EditorCoroutines.Editor", "Unity.EditorCoroutines.Editor.csproj", "{95F5DEDB-9834-358C-05A8-3E57AE7503B2}"
EndProject
Project("{FAE04EC0-301F-11D3-BF4B-00C04F79EFBC}") = "UnityEditor.SpatialTracking", "UnityEditor.SpatialTracking.csproj", "{90EAFF5E-03B5-24B5-6F75-DC263DEC5C89}"
EndProject
Project("{FAE04EC0-301F-11D3-BF4B-00C04F79EFBC}") = "Unity.XR.ARCore.Editor", "Unity.XR.ARCore.Editor.csproj", "{362F4F23-A434-F9C4-85DE-7E2D628B700C}"
EndProject
Project("{FAE04EC0-301F-11D3-BF4B-00C04F79EFBC}") = "Assembly-CSharp-Editor", "Assembly-CSharp-Editor.csproj", "{8EBF3123-D179-D757-F795-2C3C9B45786C}"
EndProject
Project("{FAE04EC0-301F-11D3-BF4B-00C04F79EFBC}") = "Unity.XR.ARSubsystems.Editor", "Unity.XR.ARSubsystems.Editor.csproj", "{A35BCA7C-8D33-E435-CC4C-D8ADB2414622}"
EndProject
Project("{FAE04EC0-301F-11D3-BF4B-00C04F79EFBC}") = "Unity.InternalAPIEditorBridge.005", "Unity.InternalAPIEditorBridge.005.csproj", "{5E773B09-C0C3-3C6F-DE16-B3429D12AB36}"
EndProject
Project("{FAE04EC0-301F-11D3-BF4B-00C04F79EFBC}") = "UnityEngine.TestRunner", "UnityEngine.TestRunner.Player.csproj", "{49AACB56-64E8-EEBC-E35B-E996587D4D54}"
EndProject
Project("{FAE04EC0-301F-11D3-BF4B-00C04F79EFBC}") = "UnityEngine.XR.LegacyInputHelpers", "UnityEngine.XR.LegacyInputHelpers.Player.csproj", "{37207535-5433-D74C-0B98-4FE162EA4C53}"
EndProject
Project("{FAE04EC0-301F-11D3-BF4B-00C04F79EFBC}") = "Unity.XR.ARFoundation", "Unity.XR.ARFoundation.Player.csproj", "{86E319E4-ED31-359B-FB8A-8404C7C69AC9}"
EndProject
Project("{FAE04EC0-301F-11D3-BF4B-00C04F79EFBC}") = "Unity.XR.ARSubsystems", "Unity.XR.ARSubsystems.Player.csproj", "{224BC95B-5818-E114-C35B-607DCCF539FC}"
EndProject
Project("{FAE04EC0-301F-11D3-BF4B-00C04F79EFBC}") = "Unity.Timeline", "Unity.Timeline.Player.csproj", "{92A84C37-1E84-E85B-0E6D-9714A90497A0}"
EndProject
Project("{FAE04EC0-301F-11D3-BF4B-00C04F79EFBC}") = "Unity.XR.ARCore", "Unity.XR.ARCore.Player.csproj", "{E89F82DB-7DBB-0C50-A3C8-424B51BAEF3C}"
EndProject
Project("{FAE04EC0-301F-11D3-BF4B-00C04F79EFBC}") = "UnityEngine.UI", "UnityEngine.UI.Player.csproj", "{5F1C4DB7-B006-429D-FB2C-A3BB274DEBC5}"
EndProject
Project("{FAE04EC0-301F-11D3-BF4B-00C04F79EFBC}") = "Assembly-CSharp", "Assembly-CSharp.Player.csproj", "{29146968-C636-B2C9-61FE-8102BCDB467F}"
EndProject
Project("{FAE04EC0-301F-11D3-BF4B-00C04F79EFBC}") = "Unity.TextMeshPro", "Unity.TextMeshPro.Player.csproj", "{AAB9939A-2050-F5DF-C179-F6D799422446}"
EndProject
Project("{FAE04EC0-301F-11D3-BF4B-00C04F79EFBC}") = "Unity.XR.Management", "Unity.XR.Management.Player.csproj", "{76229E57-FA71-83DC-D9BE-F02BBDA5404A}"
EndProject
Project("{FAE04EC0-301F-11D3-BF4B-00C04F79EFBC}") = "Unity.Subsystem.Registration", "Unity.Subsystem.Registration.Player.csproj", "{4BE57718-5F7E-8590-A3EC-7487A61A8F26}"
EndProject
Project("{FAE04EC0-301F-11D3-BF4B-00C04F79EFBC}") = "UnityEngine.SpatialTracking", "UnityEngine.SpatialTracking.Player.csproj", "{FEFB145A-F995-6D87-1B2D-617649488C7E}"
EndProject
Global
	GlobalSection(SolutionConfigurationPlatforms) = preSolution
		Debug|Any CPU = Debug|Any CPU
		Release|Any CPU = Release|Any CPU
	EndGlobalSection
	GlobalSection(ProjectConfigurationPlatforms) = postSolution
		{0E43FB1C-0EA1-2AB2-C36E-81FD73444006}.Debug|Any CPU.ActiveCfg = Debug|Any CPU
		{0E43FB1C-0EA1-2AB2-C36E-81FD73444006}.Debug|Any CPU.Build.0 = Debug|Any CPU
		{0E43FB1C-0EA1-2AB2-C36E-81FD73444006}.Release|Any CPU.ActiveCfg = Release|Any CPU
		{0E43FB1C-0EA1-2AB2-C36E-81FD73444006}.Release|Any CPU.Build.0 = Release|Any CPU
		{5950CAB7-39BD-E259-E635-D79F2F8B7C18}.Debug|Any CPU.ActiveCfg = Debug|Any CPU
		{5950CAB7-39BD-E259-E635-D79F2F8B7C18}.Debug|Any CPU.Build.0 = Debug|Any CPU
		{5950CAB7-39BD-E259-E635-D79F2F8B7C18}.Release|Any CPU.ActiveCfg = Release|Any CPU
		{5950CAB7-39BD-E259-E635-D79F2F8B7C18}.Release|Any CPU.Build.0 = Release|Any CPU
		{F0194AC3-F28D-A7FF-BD94-48119D3965C4}.Debug|Any CPU.ActiveCfg = Debug|Any CPU
		{F0194AC3-F28D-A7FF-BD94-48119D3965C4}.Debug|Any CPU.Build.0 = Debug|Any CPU
		{F0194AC3-F28D-A7FF-BD94-48119D3965C4}.Release|Any CPU.ActiveCfg = Release|Any CPU
		{F0194AC3-F28D-A7FF-BD94-48119D3965C4}.Release|Any CPU.Build.0 = Release|Any CPU
		{D5B9A82A-285C-AE2C-7A16-2FE60D2492D9}.Debug|Any CPU.ActiveCfg = Debug|Any CPU
		{D5B9A82A-285C-AE2C-7A16-2FE60D2492D9}.Debug|Any CPU.Build.0 = Debug|Any CPU
		{D5B9A82A-285C-AE2C-7A16-2FE60D2492D9}.Release|Any CPU.ActiveCfg = Release|Any CPU
		{D5B9A82A-285C-AE2C-7A16-2FE60D2492D9}.Release|Any CPU.Build.0 = Release|Any CPU
		{7ACF9E91-C82D-538F-3AC3-7258796C15B9}.Debug|Any CPU.ActiveCfg = Debug|Any CPU
		{7ACF9E91-C82D-538F-3AC3-7258796C15B9}.Debug|Any CPU.Build.0 = Debug|Any CPU
		{7ACF9E91-C82D-538F-3AC3-7258796C15B9}.Release|Any CPU.ActiveCfg = Release|Any CPU
		{7ACF9E91-C82D-538F-3AC3-7258796C15B9}.Release|Any CPU.Build.0 = Release|Any CPU
		{8F6F14F2-B35E-CE4D-4820-B75401217870}.Debug|Any CPU.ActiveCfg = Debug|Any CPU
		{8F6F14F2-B35E-CE4D-4820-B75401217870}.Debug|Any CPU.Build.0 = Debug|Any CPU
		{8F6F14F2-B35E-CE4D-4820-B75401217870}.Release|Any CPU.ActiveCfg = Release|Any CPU
		{8F6F14F2-B35E-CE4D-4820-B75401217870}.Release|Any CPU.Build.0 = Release|Any CPU
		{3156FF60-99B5-C82D-9149-B813F8FD1589}.Debug|Any CPU.ActiveCfg = Debug|Any CPU
		{3156FF60-99B5-C82D-9149-B813F8FD1589}.Debug|Any CPU.Build.0 = Debug|Any CPU
		{3156FF60-99B5-C82D-9149-B813F8FD1589}.Release|Any CPU.ActiveCfg = Release|Any CPU
		{3156FF60-99B5-C82D-9149-B813F8FD1589}.Release|Any CPU.Build.0 = Release|Any CPU
		{F43332EC-8293-9FEC-5446-00B66312A93D}.Debug|Any CPU.ActiveCfg = Debug|Any CPU
		{F43332EC-8293-9FEC-5446-00B66312A93D}.Debug|Any CPU.Build.0 = Debug|Any CPU
		{F43332EC-8293-9FEC-5446-00B66312A93D}.Release|Any CPU.ActiveCfg = Release|Any CPU
		{F43332EC-8293-9FEC-5446-00B66312A93D}.Release|Any CPU.Build.0 = Release|Any CPU
		{C9DD0913-8C5E-8022-D26B-19159E3E69A2}.Debug|Any CPU.ActiveCfg = Debug|Any CPU
		{C9DD0913-8C5E-8022-D26B-19159E3E69A2}.Debug|Any CPU.Build.0 = Debug|Any CPU
		{C9DD0913-8C5E-8022-D26B-19159E3E69A2}.Release|Any CPU.ActiveCfg = Release|Any CPU
		{C9DD0913-8C5E-8022-D26B-19159E3E69A2}.Release|Any CPU.Build.0 = Release|Any CPU
		{902F3B3F-F31F-58ED-7919-0B1CBDF4363D}.Debug|Any CPU.ActiveCfg = Debug|Any CPU
		{902F3B3F-F31F-58ED-7919-0B1CBDF4363D}.Debug|Any CPU.Build.0 = Debug|Any CPU
		{902F3B3F-F31F-58ED-7919-0B1CBDF4363D}.Release|Any CPU.ActiveCfg = Release|Any CPU
		{902F3B3F-F31F-58ED-7919-0B1CBDF4363D}.Release|Any CPU.Build.0 = Release|Any CPU
		{CE3AE8D3-344E-6DAF-1185-CB524DCA0630}.Debug|Any CPU.ActiveCfg = Debug|Any CPU
		{CE3AE8D3-344E-6DAF-1185-CB524DCA0630}.Debug|Any CPU.Build.0 = Debug|Any CPU
		{CE3AE8D3-344E-6DAF-1185-CB524DCA0630}.Release|Any CPU.ActiveCfg = Release|Any CPU
		{CE3AE8D3-344E-6DAF-1185-CB524DCA0630}.Release|Any CPU.Build.0 = Release|Any CPU
		{7B1551B6-7EB8-61E5-6D6E-2F8EB1169271}.Debug|Any CPU.ActiveCfg = Debug|Any CPU
		{7B1551B6-7EB8-61E5-6D6E-2F8EB1169271}.Debug|Any CPU.Build.0 = Debug|Any CPU
		{7B1551B6-7EB8-61E5-6D6E-2F8EB1169271}.Release|Any CPU.ActiveCfg = Release|Any CPU
		{7B1551B6-7EB8-61E5-6D6E-2F8EB1169271}.Release|Any CPU.Build.0 = Release|Any CPU
		{46A893A4-1362-92F8-040B-D495DFC63C41}.Debug|Any CPU.ActiveCfg = Debug|Any CPU
		{46A893A4-1362-92F8-040B-D495DFC63C41}.Debug|Any CPU.Build.0 = Debug|Any CPU
		{46A893A4-1362-92F8-040B-D495DFC63C41}.Release|Any CPU.ActiveCfg = Release|Any CPU
		{46A893A4-1362-92F8-040B-D495DFC63C41}.Release|Any CPU.Build.0 = Release|Any CPU
		{271C610C-ECA3-1F7A-8F70-CB2AE275BE43}.Debug|Any CPU.ActiveCfg = Debug|Any CPU
		{271C610C-ECA3-1F7A-8F70-CB2AE275BE43}.Debug|Any CPU.Build.0 = Debug|Any CPU
		{271C610C-ECA3-1F7A-8F70-CB2AE275BE43}.Release|Any CPU.ActiveCfg = Release|Any CPU
		{271C610C-ECA3-1F7A-8F70-CB2AE275BE43}.Release|Any CPU.Build.0 = Release|Any CPU
		{77EEEE09-E2FF-361F-853D-93CD13C1639B}.Debug|Any CPU.ActiveCfg = Debug|Any CPU
		{77EEEE09-E2FF-361F-853D-93CD13C1639B}.Debug|Any CPU.Build.0 = Debug|Any CPU
		{77EEEE09-E2FF-361F-853D-93CD13C1639B}.Release|Any CPU.ActiveCfg = Release|Any CPU
		{77EEEE09-E2FF-361F-853D-93CD13C1639B}.Release|Any CPU.Build.0 = Release|Any CPU
		{49C15377-7540-8C1F-3B6C-59C66CF0FDD0}.Debug|Any CPU.ActiveCfg = Debug|Any CPU
		{49C15377-7540-8C1F-3B6C-59C66CF0FDD0}.Debug|Any CPU.Build.0 = Debug|Any CPU
		{49C15377-7540-8C1F-3B6C-59C66CF0FDD0}.Release|Any CPU.ActiveCfg = Release|Any CPU
		{49C15377-7540-8C1F-3B6C-59C66CF0FDD0}.Release|Any CPU.Build.0 = Release|Any CPU
		{33BAA659-328A-9A8D-D617-07BF4E639157}.Debug|Any CPU.ActiveCfg = Debug|Any CPU
		{33BAA659-328A-9A8D-D617-07BF4E639157}.Debug|Any CPU.Build.0 = Debug|Any CPU
		{33BAA659-328A-9A8D-D617-07BF4E639157}.Release|Any CPU.ActiveCfg = Release|Any CPU
		{33BAA659-328A-9A8D-D617-07BF4E639157}.Release|Any CPU.Build.0 = Release|Any CPU
		{6E388BFE-C84E-29F8-EC32-194D61FA0FAB}.Debug|Any CPU.ActiveCfg = Debug|Any CPU
		{6E388BFE-C84E-29F8-EC32-194D61FA0FAB}.Debug|Any CPU.Build.0 = Debug|Any CPU
		{6E388BFE-C84E-29F8-EC32-194D61FA0FAB}.Release|Any CPU.ActiveCfg = Release|Any CPU
		{6E388BFE-C84E-29F8-EC32-194D61FA0FAB}.Release|Any CPU.Build.0 = Release|Any CPU
		{055886E5-D0CC-94AE-2897-85FE61215A63}.Debug|Any CPU.ActiveCfg = Debug|Any CPU
		{055886E5-D0CC-94AE-2897-85FE61215A63}.Debug|Any CPU.Build.0 = Debug|Any CPU
		{055886E5-D0CC-94AE-2897-85FE61215A63}.Release|Any CPU.ActiveCfg = Release|Any CPU
		{055886E5-D0CC-94AE-2897-85FE61215A63}.Release|Any CPU.Build.0 = Release|Any CPU
		{A66D6E71-62F9-9DF7-293D-2595EBD70A28}.Debug|Any CPU.ActiveCfg = Debug|Any CPU
		{A66D6E71-62F9-9DF7-293D-2595EBD70A28}.Debug|Any CPU.Build.0 = Debug|Any CPU
		{A66D6E71-62F9-9DF7-293D-2595EBD70A28}.Release|Any CPU.ActiveCfg = Release|Any CPU
		{A66D6E71-62F9-9DF7-293D-2595EBD70A28}.Release|Any CPU.Build.0 = Release|Any CPU
		{CCAC308A-B410-8468-0FB3-DC4A29709218}.Debug|Any CPU.ActiveCfg = Debug|Any CPU
		{CCAC308A-B410-8468-0FB3-DC4A29709218}.Debug|Any CPU.Build.0 = Debug|Any CPU
		{CCAC308A-B410-8468-0FB3-DC4A29709218}.Release|Any CPU.ActiveCfg = Release|Any CPU
		{CCAC308A-B410-8468-0FB3-DC4A29709218}.Release|Any CPU.Build.0 = Release|Any CPU
		{C3B9114A-7FB6-4D6B-C5BC-27D857304FFC}.Debug|Any CPU.ActiveCfg = Debug|Any CPU
		{C3B9114A-7FB6-4D6B-C5BC-27D857304FFC}.Debug|Any CPU.Build.0 = Debug|Any CPU
		{C3B9114A-7FB6-4D6B-C5BC-27D857304FFC}.Release|Any CPU.ActiveCfg = Release|Any CPU
		{C3B9114A-7FB6-4D6B-C5BC-27D857304FFC}.Release|Any CPU.Build.0 = Release|Any CPU
		{2524568C-BB12-10C0-9916-8FE6F589943E}.Debug|Any CPU.ActiveCfg = Debug|Any CPU
		{2524568C-BB12-10C0-9916-8FE6F589943E}.Debug|Any CPU.Build.0 = Debug|Any CPU
		{2524568C-BB12-10C0-9916-8FE6F589943E}.Release|Any CPU.ActiveCfg = Release|Any CPU
		{2524568C-BB12-10C0-9916-8FE6F589943E}.Release|Any CPU.Build.0 = Release|Any CPU
		{49DA21FB-EF2B-A510-FF63-AFD8957E321B}.Debug|Any CPU.ActiveCfg = Debug|Any CPU
		{49DA21FB-EF2B-A510-FF63-AFD8957E321B}.Debug|Any CPU.Build.0 = Debug|Any CPU
		{49DA21FB-EF2B-A510-FF63-AFD8957E321B}.Release|Any CPU.ActiveCfg = Release|Any CPU
		{49DA21FB-EF2B-A510-FF63-AFD8957E321B}.Release|Any CPU.Build.0 = Release|Any CPU
		{D7B6A874-04CE-81AA-020E-13209CB02371}.Debug|Any CPU.ActiveCfg = Debug|Any CPU
		{D7B6A874-04CE-81AA-020E-13209CB02371}.Debug|Any CPU.Build.0 = Debug|Any CPU
		{D7B6A874-04CE-81AA-020E-13209CB02371}.Release|Any CPU.ActiveCfg = Release|Any CPU
		{D7B6A874-04CE-81AA-020E-13209CB02371}.Release|Any CPU.Build.0 = Release|Any CPU
		{95F5DEDB-9834-358C-05A8-3E57AE7503B2}.Debug|Any CPU.ActiveCfg = Debug|Any CPU
		{95F5DEDB-9834-358C-05A8-3E57AE7503B2}.Debug|Any CPU.Build.0 = Debug|Any CPU
		{95F5DEDB-9834-358C-05A8-3E57AE7503B2}.Release|Any CPU.ActiveCfg = Release|Any CPU
		{95F5DEDB-9834-358C-05A8-3E57AE7503B2}.Release|Any CPU.Build.0 = Release|Any CPU
		{90EAFF5E-03B5-24B5-6F75-DC263DEC5C89}.Debug|Any CPU.ActiveCfg = Debug|Any CPU
		{90EAFF5E-03B5-24B5-6F75-DC263DEC5C89}.Debug|Any CPU.Build.0 = Debug|Any CPU
		{90EAFF5E-03B5-24B5-6F75-DC263DEC5C89}.Release|Any CPU.ActiveCfg = Release|Any CPU
		{90EAFF5E-03B5-24B5-6F75-DC263DEC5C89}.Release|Any CPU.Build.0 = Release|Any CPU
		{362F4F23-A434-F9C4-85DE-7E2D628B700C}.Debug|Any CPU.ActiveCfg = Debug|Any CPU
		{362F4F23-A434-F9C4-85DE-7E2D628B700C}.Debug|Any CPU.Build.0 = Debug|Any CPU
		{362F4F23-A434-F9C4-85DE-7E2D628B700C}.Release|Any CPU.ActiveCfg = Release|Any CPU
		{362F4F23-A434-F9C4-85DE-7E2D628B700C}.Release|Any CPU.Build.0 = Release|Any CPU
		{8EBF3123-D179-D757-F795-2C3C9B45786C}.Debug|Any CPU.ActiveCfg = Debug|Any CPU
		{8EBF3123-D179-D757-F795-2C3C9B45786C}.Debug|Any CPU.Build.0 = Debug|Any CPU
		{8EBF3123-D179-D757-F795-2C3C9B45786C}.Release|Any CPU.ActiveCfg = Release|Any CPU
		{8EBF3123-D179-D757-F795-2C3C9B45786C}.Release|Any CPU.Build.0 = Release|Any CPU
		{A35BCA7C-8D33-E435-CC4C-D8ADB2414622}.Debug|Any CPU.ActiveCfg = Debug|Any CPU
		{A35BCA7C-8D33-E435-CC4C-D8ADB2414622}.Debug|Any CPU.Build.0 = Debug|Any CPU
		{A35BCA7C-8D33-E435-CC4C-D8ADB2414622}.Release|Any CPU.ActiveCfg = Release|Any CPU
		{A35BCA7C-8D33-E435-CC4C-D8ADB2414622}.Release|Any CPU.Build.0 = Release|Any CPU
		{5E773B09-C0C3-3C6F-DE16-B3429D12AB36}.Debug|Any CPU.ActiveCfg = Debug|Any CPU
		{5E773B09-C0C3-3C6F-DE16-B3429D12AB36}.Debug|Any CPU.Build.0 = Debug|Any CPU
		{5E773B09-C0C3-3C6F-DE16-B3429D12AB36}.Release|Any CPU.ActiveCfg = Release|Any CPU
		{5E773B09-C0C3-3C6F-DE16-B3429D12AB36}.Release|Any CPU.Build.0 = Release|Any CPU
		{49AACB56-64E8-EEBC-E35B-E996587D4D54}.Debug|Any CPU.ActiveCfg = Debug|Any CPU
		{49AACB56-64E8-EEBC-E35B-E996587D4D54}.Debug|Any CPU.Build.0 = Debug|Any CPU
		{49AACB56-64E8-EEBC-E35B-E996587D4D54}.Release|Any CPU.ActiveCfg = Release|Any CPU
		{49AACB56-64E8-EEBC-E35B-E996587D4D54}.Release|Any CPU.Build.0 = Release|Any CPU
		{37207535-5433-D74C-0B98-4FE162EA4C53}.Debug|Any CPU.ActiveCfg = Debug|Any CPU
		{37207535-5433-D74C-0B98-4FE162EA4C53}.Debug|Any CPU.Build.0 = Debug|Any CPU
		{37207535-5433-D74C-0B98-4FE162EA4C53}.Release|Any CPU.ActiveCfg = Release|Any CPU
		{37207535-5433-D74C-0B98-4FE162EA4C53}.Release|Any CPU.Build.0 = Release|Any CPU
		{86E319E4-ED31-359B-FB8A-8404C7C69AC9}.Debug|Any CPU.ActiveCfg = Debug|Any CPU
		{86E319E4-ED31-359B-FB8A-8404C7C69AC9}.Debug|Any CPU.Build.0 = Debug|Any CPU
		{86E319E4-ED31-359B-FB8A-8404C7C69AC9}.Release|Any CPU.ActiveCfg = Release|Any CPU
		{86E319E4-ED31-359B-FB8A-8404C7C69AC9}.Release|Any CPU.Build.0 = Release|Any CPU
		{224BC95B-5818-E114-C35B-607DCCF539FC}.Debug|Any CPU.ActiveCfg = Debug|Any CPU
		{224BC95B-5818-E114-C35B-607DCCF539FC}.Debug|Any CPU.Build.0 = Debug|Any CPU
		{224BC95B-5818-E114-C35B-607DCCF539FC}.Release|Any CPU.ActiveCfg = Release|Any CPU
		{224BC95B-5818-E114-C35B-607DCCF539FC}.Release|Any CPU.Build.0 = Release|Any CPU
		{92A84C37-1E84-E85B-0E6D-9714A90497A0}.Debug|Any CPU.ActiveCfg = Debug|Any CPU
		{92A84C37-1E84-E85B-0E6D-9714A90497A0}.Debug|Any CPU.Build.0 = Debug|Any CPU
		{92A84C37-1E84-E85B-0E6D-9714A90497A0}.Release|Any CPU.ActiveCfg = Release|Any CPU
		{92A84C37-1E84-E85B-0E6D-9714A90497A0}.Release|Any CPU.Build.0 = Release|Any CPU
		{E89F82DB-7DBB-0C50-A3C8-424B51BAEF3C}.Debug|Any CPU.ActiveCfg = Debug|Any CPU
		{E89F82DB-7DBB-0C50-A3C8-424B51BAEF3C}.Debug|Any CPU.Build.0 = Debug|Any CPU
		{E89F82DB-7DBB-0C50-A3C8-424B51BAEF3C}.Release|Any CPU.ActiveCfg = Release|Any CPU
		{E89F82DB-7DBB-0C50-A3C8-424B51BAEF3C}.Release|Any CPU.Build.0 = Release|Any CPU
		{5F1C4DB7-B006-429D-FB2C-A3BB274DEBC5}.Debug|Any CPU.ActiveCfg = Debug|Any CPU
		{5F1C4DB7-B006-429D-FB2C-A3BB274DEBC5}.Debug|Any CPU.Build.0 = Debug|Any CPU
		{5F1C4DB7-B006-429D-FB2C-A3BB274DEBC5}.Release|Any CPU.ActiveCfg = Release|Any CPU
		{5F1C4DB7-B006-429D-FB2C-A3BB274DEBC5}.Release|Any CPU.Build.0 = Release|Any CPU
		{29146968-C636-B2C9-61FE-8102BCDB467F}.Debug|Any CPU.ActiveCfg = Debug|Any CPU
		{29146968-C636-B2C9-61FE-8102BCDB467F}.Debug|Any CPU.Build.0 = Debug|Any CPU
		{29146968-C636-B2C9-61FE-8102BCDB467F}.Release|Any CPU.ActiveCfg = Release|Any CPU
		{29146968-C636-B2C9-61FE-8102BCDB467F}.Release|Any CPU.Build.0 = Release|Any CPU
		{AAB9939A-2050-F5DF-C179-F6D799422446}.Debug|Any CPU.ActiveCfg = Debug|Any CPU
		{AAB9939A-2050-F5DF-C179-F6D799422446}.Debug|Any CPU.Build.0 = Debug|Any CPU
		{AAB9939A-2050-F5DF-C179-F6D799422446}.Release|Any CPU.ActiveCfg = Release|Any CPU
		{AAB9939A-2050-F5DF-C179-F6D799422446}.Release|Any CPU.Build.0 = Release|Any CPU
		{76229E57-FA71-83DC-D9BE-F02BBDA5404A}.Debug|Any CPU.ActiveCfg = Debug|Any CPU
		{76229E57-FA71-83DC-D9BE-F02BBDA5404A}.Debug|Any CPU.Build.0 = Debug|Any CPU
		{76229E57-FA71-83DC-D9BE-F02BBDA5404A}.Release|Any CPU.ActiveCfg = Release|Any CPU
		{76229E57-FA71-83DC-D9BE-F02BBDA5404A}.Release|Any CPU.Build.0 = Release|Any CPU
		{4BE57718-5F7E-8590-A3EC-7487A61A8F26}.Debug|Any CPU.ActiveCfg = Debug|Any CPU
		{4BE57718-5F7E-8590-A3EC-7487A61A8F26}.Debug|Any CPU.Build.0 = Debug|Any CPU
		{4BE57718-5F7E-8590-A3EC-7487A61A8F26}.Release|Any CPU.ActiveCfg = Release|Any CPU
		{4BE57718-5F7E-8590-A3EC-7487A61A8F26}.Release|Any CPU.Build.0 = Release|Any CPU
		{FEFB145A-F995-6D87-1B2D-617649488C7E}.Debug|Any CPU.ActiveCfg = Debug|Any CPU
		{FEFB145A-F995-6D87-1B2D-617649488C7E}.Debug|Any CPU.Build.0 = Debug|Any CPU
		{FEFB145A-F995-6D87-1B2D-617649488C7E}.Release|Any CPU.ActiveCfg = Release|Any CPU
		{FEFB145A-F995-6D87-1B2D-617649488C7E}.Release|Any CPU.Build.0 = Release|Any CPU
	EndGlobalSection
	GlobalSection(SolutionProperties) = preSolution
		HideSolutionNode = FALSE
	EndGlobalSection
EndGlobal
