
Microsoft Visual Studio Solution File, Format Version 11.00
# Visual Studio 2010
Project("{FAE04EC0-301F-11D3-BF4B-00C04F79EFBC}") = "Assembly-CSharp", "Assembly-CSharp.csproj", "{DF83D32F-CA4C-AF77-AF20-52E2D4A9DCE2}"
EndProject
Project("{FAE04EC0-301F-11D3-BF4B-00C04F79EFBC}") = "Assembly-CSharp-Editor", "Assembly-CSharp-Editor.csproj", "{1FEEC212-8861-8C5D-5AB6-AA08D41B0B41}"
EndProject
Global
	GlobalSection(SolutionConfigurationPlatforms) = preSolution
		Debug|Any CPU = Debug|Any CPU
		Release|Any CPU = Release|Any CPU
	EndGlobalSection
	GlobalSection(ProjectConfigurationPlatforms) = postSolution
		{DF83D32F-CA4C-AF77-AF20-52E2D4A9DCE2}.Debug|Any CPU.ActiveCfg = Debug|Any CPU
		{DF83D32F-CA4C-AF77-AF20-52E2D4A9DCE2}.Debug|Any CPU.Build.0 = Debug|Any CPU
		{DF83D32F-CA4C-AF77-AF20-52E2D4A9DCE2}.Release|Any CPU.ActiveCfg = Release|Any CPU
		{DF83D32F-CA4C-AF77-AF20-52E2D4A9DCE2}.Release|Any CPU.Build.0 = Release|Any CPU
		{1FEEC212-8861-8C5D-5AB6-AA08D41B0B41}.Debug|Any CPU.ActiveCfg = Debug|Any CPU
		{1FEEC212-8861-8C5D-5AB6-AA08D41B0B41}.Debug|Any CPU.Build.0 = Debug|Any CPU
		{1FEEC212-8861-8C5D-5AB6-AA08D41B0B41}.Release|Any CPU.ActiveCfg = Release|Any CPU
		{1FEEC212-8861-8C5D-5AB6-AA08D41B0B41}.Release|Any CPU.Build.0 = Release|Any CPU
	EndGlobalSection
	GlobalSection(SolutionProperties) = preSolution
		HideSolutionNode = FALSE
	EndGlobalSection
EndGlobal
